// !$*UTF8*$!
{
	archiveVersion = 1;
	classes = {
	};
	objectVersion = 46;
	objects = {

/* Begin PBXBuildFile section */
		5EB0A31117B965C400708DD3 /* Foundation.framework in Frameworks */ = {isa = PBXBuildFile; fileRef = 5EB0A31017B965C400708DD3 /* Foundation.framework */; };
		5EB0A31317B965C400708DD3 /* CoreGraphics.framework in Frameworks */ = {isa = PBXBuildFile; fileRef = 5EB0A31217B965C400708DD3 /* CoreGraphics.framework */; };
		5EB0A31517B965C400708DD3 /* UIKit.framework in Frameworks */ = {isa = PBXBuildFile; fileRef = 5EB0A31417B965C400708DD3 /* UIKit.framework */; };
		5EB0A31B17B965C400708DD3 /* InfoPlist.strings in Resources */ = {isa = PBXBuildFile; fileRef = 5EB0A31917B965C400708DD3 /* InfoPlist.strings */; };
		5EB0A31D17B965C400708DD3 /* main.m in Sources */ = {isa = PBXBuildFile; fileRef = 5EB0A31C17B965C400708DD3 /* main.m */; };
		5EB0A32117B965C400708DD3 /* ASHAppDelegate.m in Sources */ = {isa = PBXBuildFile; fileRef = 5EB0A32017B965C400708DD3 /* ASHAppDelegate.m */; };
		5EB0A32317B965C400708DD3 /* Images.xcassets in Resources */ = {isa = PBXBuildFile; fileRef = 5EB0A32217B965C400708DD3 /* Images.xcassets */; };
		5EB0A34117B9663900708DD3 /* ASHSpringyCollectionViewFlowLayout.m in Sources */ = {isa = PBXBuildFile; fileRef = 5EB0A34017B9663900708DD3 /* ASHSpringyCollectionViewFlowLayout.m */; };
		5EB0A34417B9664D00708DD3 /* ASHCollectionViewController.m in Sources */ = {isa = PBXBuildFile; fileRef = 5EB0A34317B9664D00708DD3 /* ASHCollectionViewController.m */; };
/* End PBXBuildFile section */

/* Begin PBXFileReference section */
		5EB0A30D17B965C400708DD3 /* ASHSpringyCollectionView.app */ = {isa = PBXFileReference; explicitFileType = wrapper.application; includeInIndex = 0; path = ASHSpringyCollectionView.app; sourceTree = BUILT_PRODUCTS_DIR; };
		5EB0A31017B965C400708DD3 /* Foundation.framework */ = {isa = PBXFileReference; lastKnownFileType = wrapper.framework; name = Foundation.framework; path = System/Library/Frameworks/Foundation.framework; sourceTree = SDKROOT; };
		5EB0A31217B965C400708DD3 /* CoreGraphics.framework */ = {isa = PBXFileReference; lastKnownFileType = wrapper.framework; name = CoreGraphics.framework; path = System/Library/Frameworks/CoreGraphics.framework; sourceTree = SDKROOT; };
		5EB0A31417B965C400708DD3 /* UIKit.framework */ = {isa = PBXFileReference; lastKnownFileType = wrapper.framework; name = UIKit.framework; path = System/Library/Frameworks/UIKit.framework; sourceTree = SDKROOT; };
		5EB0A31817B965C400708DD3 /* ASHSpringyCollectionView-Info.plist */ = {isa = PBXFileReference; lastKnownFileType = text.plist.xml; path = "ASHSpringyCollectionView-Info.plist"; sourceTree = "<group>"; };
		5EB0A31A17B965C400708DD3 /* en */ = {isa = PBXFileReference; lastKnownFileType = text.plist.strings; name = en; path = en.lproj/InfoPlist.strings; sourceTree = "<group>"; };
		5EB0A31C17B965C400708DD3 /* main.m */ = {isa = PBXFileReference; lastKnownFileType = sourcecode.c.objc; path = main.m; sourceTree = "<group>"; };
		5EB0A31E17B965C400708DD3 /* ASHSpringyCollectionView-Prefix.pch */ = {isa = PBXFileReference; lastKnownFileType = sourcecode.c.h; path = "ASHSpringyCollectionView-Prefix.pch"; sourceTree = "<group>"; };
		5EB0A31F17B965C400708DD3 /* ASHAppDelegate.h */ = {isa = PBXFileReference; lastKnownFileType = sourcecode.c.h; path = ASHAppDelegate.h; sourceTree = "<group>"; };
		5EB0A32017B965C400708DD3 /* ASHAppDelegate.m */ = {isa = PBXFileReference; lastKnownFileType = sourcecode.c.objc; path = ASHAppDelegate.m; sourceTree = "<group>"; };
		5EB0A32217B965C400708DD3 /* Images.xcassets */ = {isa = PBXFileReference; lastKnownFileType = folder.assetcatalog; path = Images.xcassets; sourceTree = "<group>"; };
		5EB0A32917B965C500708DD3 /* XCTest.framework */ = {isa = PBXFileReference; lastKnownFileType = wrapper.framework; name = XCTest.framework; path = Library/Frameworks/XCTest.framework; sourceTree = DEVELOPER_DIR; };
		5EB0A33F17B9663900708DD3 /* ASHSpringyCollectionViewFlowLayout.h */ = {isa = PBXFileReference; fileEncoding = 4; lastKnownFileType = sourcecode.c.h; path = ASHSpringyCollectionViewFlowLayout.h; sourceTree = "<group>"; };
		5EB0A34017B9663900708DD3 /* ASHSpringyCollectionViewFlowLayout.m */ = {isa = PBXFileReference; fileEncoding = 4; lastKnownFileType = sourcecode.c.objc; path = ASHSpringyCollectionViewFlowLayout.m; sourceTree = "<group>"; };
		5EB0A34217B9664D00708DD3 /* ASHCollectionViewController.h */ = {isa = PBXFileReference; fileEncoding = 4; lastKnownFileType = sourcecode.c.h; path = ASHCollectionViewController.h; sourceTree = "<group>"; };
		5EB0A34317B9664D00708DD3 /* ASHCollectionViewController.m */ = {isa = PBXFileReference; fileEncoding = 4; lastKnownFileType = sourcecode.c.objc; path = ASHCollectionViewController.m; sourceTree = "<group>"; };
/* End PBXFileReference section */

/* Begin PBXFrameworksBuildPhase section */
		5EB0A30A17B965C400708DD3 /* Frameworks */ = {
			isa = PBXFrameworksBuildPhase;
			buildActionMask = 2147483647;
			files = (
				5EB0A31317B965C400708DD3 /* CoreGraphics.framework in Frameworks */,
				5EB0A31517B965C400708DD3 /* UIKit.framework in Frameworks */,
				5EB0A31117B965C400708DD3 /* Foundation.framework in Frameworks */,
			);
			runOnlyForDeploymentPostprocessing = 0;
		};
/* End PBXFrameworksBuildPhase section */

/* Begin PBXGroup section */
		5EB0A30417B965C400708DD3 = {
			isa = PBXGroup;
			children = (
				5EB0A31617B965C400708DD3 /* ASHSpringyCollectionView */,
				5EB0A30F17B965C400708DD3 /* Frameworks */,
				5EB0A30E17B965C400708DD3 /* Products */,
			);
			sourceTree = "<group>";
		};
		5EB0A30E17B965C400708DD3 /* Products */ = {
			isa = PBXGroup;
			children = (
				5EB0A30D17B965C400708DD3 /* ASHSpringyCollectionView.app */,
			);
			name = Products;
			sourceTree = "<group>";
		};
		5EB0A30F17B965C400708DD3 /* Frameworks */ = {
			isa = PBXGroup;
			children = (
				5EB0A31017B965C400708DD3 /* Foundation.framework */,
				5EB0A31217B965C400708DD3 /* CoreGraphics.framework */,
				5EB0A31417B965C400708DD3 /* UIKit.framework */,
				5EB0A32917B965C500708DD3 /* XCTest.framework */,
			);
			name = Frameworks;
			sourceTree = "<group>";
		};
		5EB0A31617B965C400708DD3 /* ASHSpringyCollectionView */ = {
			isa = PBXGroup;
			children = (
				5EB0A31F17B965C400708DD3 /* ASHAppDelegate.h */,
				5EB0A32017B965C400708DD3 /* ASHAppDelegate.m */,
				5EB0A34217B9664D00708DD3 /* ASHCollectionViewController.h */,
				5EB0A34317B9664D00708DD3 /* ASHCollectionViewController.m */,
				5EB0A33F17B9663900708DD3 /* ASHSpringyCollectionViewFlowLayout.h */,
				5EB0A34017B9663900708DD3 /* ASHSpringyCollectionViewFlowLayout.m */,
				5EB0A32217B965C400708DD3 /* Images.xcassets */,
				5EB0A31717B965C400708DD3 /* Supporting Files */,
			);
			path = ASHSpringyCollectionView;
			sourceTree = "<group>";
		};
		5EB0A31717B965C400708DD3 /* Supporting Files */ = {
			isa = PBXGroup;
			children = (
				5EB0A31817B965C400708DD3 /* ASHSpringyCollectionView-Info.plist */,
				5EB0A31917B965C400708DD3 /* InfoPlist.strings */,
				5EB0A31C17B965C400708DD3 /* main.m */,
				5EB0A31E17B965C400708DD3 /* ASHSpringyCollectionView-Prefix.pch */,
			);
			name = "Supporting Files";
			sourceTree = "<group>";
		};
/* End PBXGroup section */

/* Begin PBXNativeTarget section */
		5EB0A30C17B965C400708DD3 /* ASHSpringyCollectionView */ = {
			isa = PBXNativeTarget;
			buildConfigurationList = 5EB0A33917B965C500708DD3 /* Build configuration list for PBXNativeTarget "ASHSpringyCollectionView" */;
			buildPhases = (
				5EB0A30917B965C400708DD3 /* Sources */,
				5EB0A30A17B965C400708DD3 /* Frameworks */,
				5EB0A30B17B965C400708DD3 /* Resources */,
			);
			buildRules = (
			);
			dependencies = (
			);
			name = ASHSpringyCollectionView;
			productName = ASHSpringyCollectionView;
			productReference = 5EB0A30D17B965C400708DD3 /* ASHSpringyCollectionView.app */;
			productType = "com.apple.product-type.application";
		};
/* End PBXNativeTarget section */

/* Begin PBXProject section */
		5EB0A30517B965C400708DD3 /* Project object */ = {
			isa = PBXProject;
			attributes = {
				CLASSPREFIX = ASH;
				LastUpgradeCheck = 0500;
				ORGANIZATIONNAME = "Ash Furrow";
			};
			buildConfigurationList = 5EB0A30817B965C400708DD3 /* Build configuration list for PBXProject "ASHSpringyCollectionView" */;
			compatibilityVersion = "Xcode 3.2";
			developmentRegion = English;
			hasScannedForEncodings = 0;
			knownRegions = (
				en,
			);
			mainGroup = 5EB0A30417B965C400708DD3;
			productRefGroup = 5EB0A30E17B965C400708DD3 /* Products */;
			projectDirPath = "";
			projectRoot = "";
			targets = (
				5EB0A30C17B965C400708DD3 /* ASHSpringyCollectionView */,
			);
		};
/* End PBXProject section */

/* Begin PBXResourcesBuildPhase section */
		5EB0A30B17B965C400708DD3 /* Resources */ = {
			isa = PBXResourcesBuildPhase;
			buildActionMask = 2147483647;
			files = (
				5EB0A31B17B965C400708DD3 /* InfoPlist.strings in Resources */,
				5EB0A32317B965C400708DD3 /* Images.xcassets in Resources */,
			);
			runOnlyForDeploymentPostprocessing = 0;
		};
/* End PBXResourcesBuildPhase section */

/* Begin PBXSourcesBuildPhase section */
		5EB0A30917B965C400708DD3 /* Sources */ = {
			isa = PBXSourcesBuildPhase;
			buildActionMask = 2147483647;
			files = (
				5EB0A31D17B965C400708DD3 /* main.m in Sources */,
				5EB0A32117B965C400708DD3 /* ASHAppDelegate.m in Sources */,
				5EB0A34117B9663900708DD3 /* ASHSpringyCollectionViewFlowLayout.m in Sources */,
				5EB0A34417B9664D00708DD3 /* ASHCollectionViewController.m in Sources */,
			);
			runOnlyForDeploymentPostprocessing = 0;
		};
/* End PBXSourcesBuildPhase section */

/* Begin PBXVariantGroup section */
		5EB0A31917B965C400708DD3 /* InfoPlist.strings */ = {
			isa = PBXVariantGroup;
			children = (
				5EB0A31A17B965C400708DD3 /* en */,
			);
			name = InfoPlist.strings;
			sourceTree = "<group>";
		};
/* End PBXVariantGroup section */

/* Begin XCBuildConfiguration section */
		5EB0A33717B965C500708DD3 /* Debug */ = {
			isa = XCBuildConfiguration;
			buildSettings = {
				ALWAYS_SEARCH_USER_PATHS = NO;
				CLANG_CXX_LANGUAGE_STANDARD = "gnu++0x";
				CLANG_CXX_LIBRARY = "libc++";
				CLANG_ENABLE_MODULES = YES;
				CLANG_ENABLE_OBJC_ARC = YES;
				CLANG_WARN_BOOL_CONVERSION = YES;
				CLANG_WARN_CONSTANT_CONVERSION = YES;
				CLANG_WARN_DIRECT_OBJC_ISA_USAGE = YES_ERROR;
				CLANG_WARN_EMPTY_BODY = YES;
				CLANG_WARN_ENUM_CONVERSION = YES;
				CLANG_WARN_INT_CONVERSION = YES;
				CLANG_WARN_OBJC_ROOT_CLASS = YES_ERROR;
				CLANG_WARN__DUPLICATE_METHOD_MATCH = YES;
				"CODE_SIGN_IDENTITY[sdk=iphoneos*]" = "iPhone Developer";
				COPY_PHASE_STRIP = NO;
				GCC_C_LANGUAGE_STANDARD = gnu99;
				GCC_DYNAMIC_NO_PIC = NO;
				GCC_OPTIMIZATION_LEVEL = 0;
				GCC_PREPROCESSOR_DEFINITIONS = (
					"DEBUG=1",
					"$(inherited)",
				);
				GCC_SYMBOLS_PRIVATE_EXTERN = NO;
				GCC_WARN_ABOUT_RETURN_TYPE = YES_ERROR;
				GCC_WARN_UNDECLARED_SELECTOR = YES;
				GCC_WARN_UNINITIALIZED_AUTOS = YES;
				GCC_WARN_UNUSED_FUNCTION = YES;
				GCC_WARN_UNUSED_VARIABLE = YES;
				IPHONEOS_DEPLOYMENT_TARGET = 7.0;
				ONLY_ACTIVE_ARCH = YES;
				SDKROOT = iphoneos;
			};
			name = Debug;
		};
		5EB0A33817B965C500708DD3 /* Release */ = {
			isa = XCBuildConfiguration;
			buildSettings = {
				ALWAYS_SEARCH_USER_PATHS = NO;
				CLANG_CXX_LANGUAGE_STANDARD = "gnu++0x";
				CLANG_CXX_LIBRARY = "libc++";
				CLANG_ENABLE_MODULES = YES;
				CLANG_ENABLE_OBJC_ARC = YES;
				CLANG_WARN_BOOL_CONVERSION = YES;
				CLANG_WARN_CONSTANT_CONVERSION = YES;
				CLANG_WARN_DIRECT_OBJC_ISA_USAGE = YES_ERROR;
				CLANG_WARN_EMPTY_BODY = YES;
				CLANG_WARN_ENUM_CONVERSION = YES;
				CLANG_WARN_INT_CONVERSION = YES;
				CLANG_WARN_OBJC_ROOT_CLASS = YES_ERROR;
				CLANG_WARN__DUPLICATE_METHOD_MATCH = YES;
				"CODE_SIGN_IDENTITY[sdk=iphoneos*]" = "iPhone Developer";
				COPY_PHASE_STRIP = YES;
				ENABLE_NS_ASSERTIONS = NO;
				GCC_C_LANGUAGE_STANDARD = gnu99;
				GCC_WARN_ABOUT_RETURN_TYPE = YES_ERROR;
				GCC_WARN_UNDECLARED_SELECTOR = YES;
				GCC_WARN_UNINITIALIZED_AUTOS = YES;
				GCC_WARN_UNUSED_FUNCTION = YES;
				GCC_WARN_UNUSED_VARIABLE = YES;
				IPHONEOS_DEPLOYMENT_TARGET = 7.0;
				SDKROOT = iphoneos;
				VALIDATE_PRODUCT = YES;
			};
			name = Release;
		};
		5EB0A33A17B965C500708DD3 /* Debug */ = {
			isa = XCBuildConfiguration;
			buildSettings = {
				ASSETCATALOG_COMPILER_APPICON_NAME = AppIcon;
				ASSETCATALOG_COMPILER_LAUNCHIMAGE_NAME = LaunchImage;
				GCC_PRECOMPILE_PREFIX_HEADER = YES;
				GCC_PREFIX_HEADER = "ASHSpringyCollectionView/ASHSpringyCollectionView-Prefix.pch";
				INFOPLIST_FILE = "ASHSpringyCollectionView/ASHSpringyCollectionView-Info.plist";
				PRODUCT_NAME = "$(TARGET_NAME)";
				WRAPPER_EXTENSION = app;
			};
			name = Debug;
		};
		5EB0A33B17B965C500708DD3 /* Release */ = {
			isa = XCBuildConfiguration;
			buildSettings = {
				ASSETCATALOG_COMPILER_APPICON_NAME = AppIcon;
				ASSETCATALOG_COMPILER_LAUNCHIMAGE_NAME = LaunchImage;
				GCC_PRECOMPILE_PREFIX_HEADER = YES;
				GCC_PREFIX_HEADER = "ASHSpringyCollectionView/ASHSpringyCollectionView-Prefix.pch";
				INFOPLIST_FILE = "ASHSpringyCollectionView/ASHSpringyCollectionView-Info.plist";
				PRODUCT_NAME = "$(TARGET_NAME)";
				WRAPPER_EXTENSION = app;
			};
			name = Release;
		};
/* End XCBuildConfiguration section */

/* Begin XCConfigurationList section */
		5EB0A30817B965C400708DD3 /* Build configuration list for PBXProject "ASHSpringyCollectionView" */ = {
			isa = XCConfigurationList;
			buildConfigurations = (
				5EB0A33717B965C500708DD3 /* Debug */,
				5EB0A33817B965C500708DD3 /* Release */,
			);
			defaultConfigurationIsVisible = 0;
			defaultConfigurationName = Release;
		};
		5EB0A33917B965C500708DD3 /* Build configuration list for PBXNativeTarget "ASHSpringyCollectionView" */ = {
			isa = XCConfigurationList;
			buildConfigurations = (
				5EB0A33A17B965C500708DD3 /* Debug */,
				5EB0A33B17B965C500708DD3 /* Release */,
			);
			defaultConfigurationIsVisible = 0;
		};
/* End XCConfigurationList section */
	};
	rootObject = 5EB0A30517B965C400708DD3 /* Project object */;
}
